github.com/Shivam-Patel-G/blackhole-blockchain/core/relay-chain v0.0.0-20250529102438-629c5dfaf4c4 h1:uM0tZGnybhFjBznIguoMbQf5Ba8PtaVPFmIhPFNjrPE=
github.com/Shivam-Patel-G/blackhole-blockchain/core/relay-chain v0.0.0-20250529102438-629c5dfaf4c4/go.mod h1:y2vZkZ4X57dqwgixuaRn3OqhCIdnnjPzOKAgeIlB4fo=
